{
  "object": {
    "pins": [
      {
        "package": "abseil",
        "repositoryURL": "https://github.com/google/abseil-cpp-binary.git",
        "state": {
          "branch": null,
          "revision": "bfc0b6f81adc06ce5121eb23f628473638d67c5c",
          "version": "1.2022062300.0"
        }
      },
      {
        "package": "AppAuth",
        "repositoryURL": "https://github.com/pace/AppAuth-iOS",
        "state": {
          "branch": null,
          "revision": "e191b1beadf3041259652e6e464eaceff16e5fbb",
          "version": "1.5.0"
        }
      },
      {
        "package": "PACECloudSDK",
        "repositoryURL": "https://github.com/pace/cloud-sdk-ios",
        "state": {
          "branch": null,
          "revision": "8b17bda21231d35d40096e1134694a25be28f932",
          "version": "18.0.0"
        }
      },
      {
        "package": "Firebase",
        "repositoryURL": "https://github.com/firebase/firebase-ios-sdk.git",
        "state": {
          "branch": null,
          "revision": "8872dbd7d947acf757abab933da10e83c1842280",
          "version": "10.17.0"
        }
      },
      {
        "package": "GoogleAppMeasurement",
        "repositoryURL": "https://github.com/google/GoogleAppMeasurement.git",
        "state": {
          "branch": null,
          "revision": "6b332152355c372ace9966d8ee76ed191f97025e",
          "version": "10.17.0"
        }
      },
      {
        "package": "GoogleDataTransport",
        "repositoryURL": "https://github.com/google/GoogleDataTransport.git",
        "state": {
          "branch": null,
          "revision": "aae45a320fd0d11811820335b1eabc8753902a40",
          "version": "9.2.5"
        }
      },
      {
        "package": "GoogleUtilities",
        "repositoryURL": "https://github.com/google/GoogleUtilities.git",
        "state": {
          "branch": null,
          "revision": "1cd556b33550982ec17f80e358253d905e756f0f",
          "version": "7.11.6"
        }
      },
      {
        "package": "gRPC",
        "repositoryURL": "https://github.com/google/grpc-binary.git",
        "state": {
          "branch": null,
          "revision": "a673bc2937fbe886dd1f99c401b01b6d977a9c98",
          "version": "1.49.1"
        }
      },
      {
        "package": "GTMSessionFetcher",
        "repositoryURL": "https://github.com/google/gtm-session-fetcher.git",
        "state": {
          "branch": null,
          "revision": "d415594121c9e8a4f9d79cecee0965cf35e74dbd",
          "version": "3.1.1"
        }
      },
      {
        "package": "InteropForGoogle",
        "repositoryURL": "https://github.com/google/interop-ios-for-google-sdks.git",
        "state": {
          "branch": null,
          "revision": "2d12673670417654f08f5f90fdd62926dc3a2648",
          "version": "100.0.0"
        }
      },
      {
        "package": "JamitFoundation",
        "repositoryURL": "https://github.com/JamitLabs/JamitFoundation.git",
        "state": {
          "branch": "feature/border-style",
          "revision": "ffae09ef964ed3e38e5b9b238bef5c24b7acf0a3",
          "version": null
        }
      },
      {
        "package": "Japx",
        "repositoryURL": "https://github.com/pace/Japx",
        "state": {
          "branch": null,
          "revision": "06fe392a1ecc05d0158d505d06899f0a9133030f",
          "version": "5.0.0"
        }
      },
      {
        "package": "JLCoordinator",
        "repositoryURL": "https://github.com/JamitLabs/JLCoordinator.git",
        "state": {
          "branch": null,
          "revision": "7c495ab7dde143ca2c3bb0ae32247da2cf8c01ad",
          "version": "1.1.0"
        }
      },
      {
        "package": "leveldb",
        "repositoryURL": "https://github.com/firebase/leveldb.git",
        "state": {
          "branch": null,
          "revision": "0706abcc6b0bd9cedfbb015ba840e4a780b5159b",
          "version": "1.22.2"
        }
      },
      {
        "package": "nanopb",
        "repositoryURL": "https://github.com/firebase/nanopb.git",
        "state": {
          "branch": null,
          "revision": "819d0a2173aff699fb8c364b6fb906f7cdb1a692",
          "version": "2.30909.0"
        }
      },
      {
        "package": "Promises",
        "repositoryURL": "https://github.com/google/promises.git",
        "state": {
          "branch": null,
          "revision": "e70e889c0196c76d22759eb50d6a0270ca9f1d9e",
          "version": "2.3.1"
        }
      },
      {
        "package": "Sentry",
        "repositoryURL": "https://github.com/getsentry/sentry-cocoa",
        "state": {
          "branch": null,
          "revision": "02aa06fed7de6fbf28e74b3831f7a5bf276638eb",
          "version": "8.15.0"
        }
      },
      {
        "package": "SwiftProtobuf",
        "repositoryURL": "https://github.com/apple/swift-protobuf.git",
        "state": {
          "branch": null,
          "revision": "f25867a208f459d3c5a06935dceb9083b11cd539",
          "version": "1.22.0"
        }
      }
    ]
  },
  "version": 1
}
